
Microsoft Visual Studio Solution File, Format Version 12.00
# Visual Studio Version 17
VisualStudioVersion = 17.0.31903.59
MinimumVisualStudioVersion = 10.0.40219.1
Project("{2150E333-8FDC-42A3-9474-1A3956D46DE8}") = "src", "src", "{664B4B78-43BB-4C31-B875-8F75E1C2E80C}"
EndProject
Project("{FAE04EC0-301F-11D3-BF4B-00C04F79EFBC}") = "Api", "src\Api\Api.csproj", "{7805D563-69CD-4CD2-8121-4681D580ED0E}"
EndProject
Project("{2150E333-8FDC-42A3-9474-1A3956D46DE8}") = "tests", "tests", "{35D69CF7-DC15-4E24-9065-80440A52BBEE}"
EndProject
Project("{FAE04EC0-301F-11D3-BF4B-00C04F79EFBC}") = "Api.Test", "tests\Api.Test\Api.Test.csproj", "{04D07E12-0429-4618-A738-2BDD05639682}"
EndProject
Project("{FAE04EC0-301F-11D3-BF4B-00C04F79EFBC}") = "Core", "src\Core\Core.csproj", "{4D67E7E0-2A19-4BDF-8383-A80EF72A7076}"
EndProject
Project("{FAE04EC0-301F-11D3-BF4B-00C04F79EFBC}") = "Infrastructure", "src\Infrastructure\Infrastructure.csproj", "{3FA2D6F8-7055-464F-B14A-CF34BEA59AA3}"
EndProject
Global
	GlobalSection(SolutionConfigurationPlatforms) = preSolution
		Debug|Any CPU = Debug|Any CPU
		Release|Any CPU = Release|Any CPU
	EndGlobalSection
	GlobalSection(SolutionProperties) = preSolution
		HideSolutionNode = FALSE
	EndGlobalSection
	GlobalSection(ProjectConfigurationPlatforms) = postSolution
		{7805D563-69CD-4CD2-8121-4681D580ED0E}.Debug|Any CPU.ActiveCfg = Debug|Any CPU
		{7805D563-69CD-4CD2-8121-4681D580ED0E}.Debug|Any CPU.Build.0 = Debug|Any CPU
		{7805D563-69CD-4CD2-8121-4681D580ED0E}.Release|Any CPU.ActiveCfg = Release|Any CPU
		{7805D563-69CD-4CD2-8121-4681D580ED0E}.Release|Any CPU.Build.0 = Release|Any CPU
		{04D07E12-0429-4618-A738-2BDD05639682}.Debug|Any CPU.ActiveCfg = Debug|Any CPU
		{04D07E12-0429-4618-A738-2BDD05639682}.Debug|Any CPU.Build.0 = Debug|Any CPU
		{04D07E12-0429-4618-A738-2BDD05639682}.Release|Any CPU.ActiveCfg = Release|Any CPU
		{04D07E12-0429-4618-A738-2BDD05639682}.Release|Any CPU.Build.0 = Release|Any CPU
		{4D67E7E0-2A19-4BDF-8383-A80EF72A7076}.Debug|Any CPU.ActiveCfg = Debug|Any CPU
		{4D67E7E0-2A19-4BDF-8383-A80EF72A7076}.Debug|Any CPU.Build.0 = Debug|Any CPU
		{4D67E7E0-2A19-4BDF-8383-A80EF72A7076}.Release|Any CPU.ActiveCfg = Release|Any CPU
		{4D67E7E0-2A19-4BDF-8383-A80EF72A7076}.Release|Any CPU.Build.0 = Release|Any CPU
		{3FA2D6F8-7055-464F-B14A-CF34BEA59AA3}.Debug|Any CPU.ActiveCfg = Debug|Any CPU
		{3FA2D6F8-7055-464F-B14A-CF34BEA59AA3}.Debug|Any CPU.Build.0 = Debug|Any CPU
		{3FA2D6F8-7055-464F-B14A-CF34BEA59AA3}.Release|Any CPU.ActiveCfg = Release|Any CPU
		{3FA2D6F8-7055-464F-B14A-CF34BEA59AA3}.Release|Any CPU.Build.0 = Release|Any CPU
	EndGlobalSection
	GlobalSection(NestedProjects) = preSolution
		{7805D563-69CD-4CD2-8121-4681D580ED0E} = {664B4B78-43BB-4C31-B875-8F75E1C2E80C}
		{04D07E12-0429-4618-A738-2BDD05639682} = {35D69CF7-DC15-4E24-9065-80440A52BBEE}
		{4D67E7E0-2A19-4BDF-8383-A80EF72A7076} = {664B4B78-43BB-4C31-B875-8F75E1C2E80C}
		{3FA2D6F8-7055-464F-B14A-CF34BEA59AA3} = {664B4B78-43BB-4C31-B875-8F75E1C2E80C}
	EndGlobalSection
EndGlobal
